
Microsoft Visual Studio Solution File, Format Version 11.00
# Visual C# Express 2010
Project("{FAE04EC0-301F-11D3-BF4B-00C04F79EFBC}") = "Bekowo", "Bekowo\Bekowo.csproj", "{206AA8DC-2B93-4415-822A-B1526A04D3D3}"
EndProject
Global
	GlobalSection(SolutionConfigurationPlatforms) = preSolution
		Debug|x86 = Debug|x86
		Release|x86 = Release|x86
	EndGlobalSection
	GlobalSection(ProjectConfigurationPlatforms) = postSolution
		{206AA8DC-2B93-4415-822A-B1526A04D3D3}.Debug|x86.ActiveCfg = Debug|x86
		{206AA8DC-2B93-4415-822A-B1526A04D3D3}.Debug|x86.Build.0 = Debug|x86
		{206AA8DC-2B93-4415-822A-B1526A04D3D3}.Release|x86.ActiveCfg = Release|x86
		{206AA8DC-2B93-4415-822A-B1526A04D3D3}.Release|x86.Build.0 = Release|x86
	EndGlobalSection
	GlobalSection(SolutionProperties) = preSolution
		HideSolutionNode = FALSE
	EndGlobalSection
EndGlobal
